{
  "name": "@bports/map-stream",
  "version": "0.1.0-rc1",
  "lockfileVersion": 2,
  "requires": true,
  "packages": {
    "": {
      "name": "@bports/map-stream",
      "version": "0.1.0-rc1",
      "license": "MIT",
      "dependencies": {
        "readable-stream": "^3.6.0"
      },
      "devDependencies": {
        "asynct": "*",
        "event-stream": "~2.1",
        "from": "0.0.2",
        "it-is": "1",
        "stream-spec": "~0.2",
        "ubelt": "~2.9"
      },
      "engines": {
        "node": "^12 || ^14 || ^16 || >= 18"
      }
    },
    "node_modules/assertions": {
      "version": "2.3.4",
      "resolved": "https://registry.npmjs.org/assertions/-/assertions-2.3.4.tgz",
      "integrity": "sha512-rx8bdIzLVyBA8vaNp+ufUpCGIuFuGe5VocwAgMI7hLvNGz+XD1iZghlw6rN4OCeHZ0yaEwhR/yVLr45Zhgb+aw==",
      "dev": true,
      "dependencies": {
        "fomatto": "git+https://github.com/BonsaiDen/Fomatto.git#468666f600b46f9067e3da7200fd9df428923ea6",
        "render": "0.1",
        "traverser": "1"
      },
      "engines": {
        "node": ">= 0.2.0"
      }
    },
    "node_modules/assertions/node_modules/traverser": {
      "version": "1.0.0",
      "resolved": "https://registry.npmjs.org/traverser/-/traverser-1.0.0.tgz",
      "integrity": "sha512-SIf4FiM5y4l03O5VKN/VbnswgIK9gHJKmLK/wiWjgdxPsj2VGcS7hOinjKMFv4r8QIUK+5MXsyXzJhc0bmaB0A==",
      "dev": true,
      "dependencies": {
        "curry": "0.0.x"
      },
      "engines": {
        "node": "*"
      }
    },
    "node_modules/asynct": {
      "version": "1.1.0",
      "resolved": "https://registry.npmjs.org/asynct/-/asynct-1.1.0.tgz",
      "integrity": "sha512-H+8NJTxHjq3fhRE3bx5UK4yc8gB7/0aB4fDnN63mFDsFTk6IKCE9Po1p6Pjwjr0ez7D0/D/oNLvTFOGn9Qeb0Q==",
      "dev": true,
      "dependencies": {
        "ctrlflow": "0.0.3",
        "test-cmd": "1"
      },
      "bin": {
        "asynct": "cmd.js"
      },
      "engines": {
        "node": "*"
      }
    },
    "node_modules/ctrlflow": {
      "version": "0.0.3",
      "resolved": "https://registry.npmjs.org/ctrlflow/-/ctrlflow-0.0.3.tgz",
      "integrity": "sha512-8cvH+uzgNc5XrlDbyy6VT4IYhNR0Ky6NafrWTyPRV9gAPdXY+i7keQS7iAqQQo9WDcx4KOOc6WY8Er5ivn4/FA==",
      "dev": true,
      "dependencies": {
        "curry": "0.0.x"
      },
      "engines": {
        "node": ">=0.2.0"
      }
    },
    "node_modules/curry": {
      "version": "0.0.4",
      "resolved": "https://registry.npmjs.org/curry/-/curry-0.0.4.tgz",
      "integrity": "sha512-IPapCjuLQfb9u7HEU+l7XX10CmK5ojdvjt+0sNrZmSvSU31OZxPV78cmDj1Zm+ZX/tEh7jeYdaD4v89iJDOD0g==",
      "dev": true,
      "engines": {
        "node": "*"
      }
    },
    "node_modules/d-utils": {
      "version": "2.1.1",
      "resolved": "https://registry.npmjs.org/d-utils/-/d-utils-2.1.1.tgz",
      "integrity": "sha512-Xhxi3PRkXB2IvnXFD/OEaSQJA/AIK76WDjQnEoUYo+mNXe8WXYTTR+ZeSSHilviokw0o8rQRzcZG4WWx63PWwQ==",
      "dev": true,
      "engines": {
        "node": "*"
      }
    },
    "node_modules/event-stream": {
      "version": "2.1.9",
      "resolved": "https://registry.npmjs.org/event-stream/-/event-stream-2.1.9.tgz",
      "integrity": "sha512-IxHB2mytdC40kPmAEjeQAC1m5QGKkVLoeDLKWYiVd2SnMIxzCHJwcGsdSzmvtU5zX5qDSAJUC2aaL39FGxpPdQ==",
      "dev": true,
      "dependencies": {
        "from": "~0",
        "optimist": "0.2",
        "through": "0.0.4"
      },
      "engines": {
        "node": "*"
      }
    },
    "node_modules/fomatto": {
      "version": "0.6.0",
      "resolved": "git+ssh://git@github.com/BonsaiDen/Fomatto.git#468666f600b46f9067e3da7200fd9df428923ea6",
      "integrity": "sha512-2JeZCbUi12tmDJhd9F3mxZ6xL0+2Ym2MamXZHnHh5OVKKA1h/6svVAAzJ2tt5ycFAQ4EwseW3FoAFNUle/opbQ==",
      "dev": true,
      "engines": {
        "node": ">=0.1.5"
      }
    },
    "node_modules/from": {
      "version": "0.0.2",
      "resolved": "https://registry.npmjs.org/from/-/from-0.0.2.tgz",
      "integrity": "sha512-QQzrIRCUBX2GjGZa+eHIZtb6BknDnxzAW7vpmvUFfalIUbodQSIgHNY9whjnbjgyL5UnXfV04cFkrA1tpGRMDA==",
      "dev": true
    },
    "node_modules/inherits": {
      "version": "2.0.4",
      "resolved": "https://registry.npmjs.org/inherits/-/inherits-2.0.4.tgz",
      "integrity": "sha512-k/vGaX4/Yla3WzyMCvTQOXYeIHvqOKtnqBduzTHpzpQZzAskKMhZ2K+EnBiSM9zGSoIFeMpXKxa4dYeZIQqewQ=="
    },
    "node_modules/it-is": {
      "version": "1.0.3",
      "resolved": "https://registry.npmjs.org/it-is/-/it-is-1.0.3.tgz",
      "integrity": "sha512-fZ/TSIJAakHJg2rJ5LvwJX3e4F5XzaOy1f06RR2wCBzujX8Ffj9R65cVKm6ztY/4J2G4g443JZJkkMLPAcJqCw==",
      "dev": true,
      "dependencies": {
        "assertions": "~2.3.1",
        "render": "~0.1.4",
        "style": "0.1.x",
        "traverser": "0.0.x",
        "trees": "0.0.x"
      },
      "engines": {
        "node": ">=0.2.0"
      }
    },
    "node_modules/ls-r": {
      "version": "0.2.1",
      "resolved": "https://registry.npmjs.org/ls-r/-/ls-r-0.2.1.tgz",
      "integrity": "sha512-DugAX3N8lUVO6NX4rJyeOG/A1u+WJ5i8nP8feNb36vytx2xgsYKsmoMgh2///35RDmo0Er2sL496sWsNOrx8og==",
      "dev": true,
      "dependencies": {
        "ctrlflow": "~4.1",
        "d-utils": "~2.3",
        "optimist": "0.2"
      },
      "engines": {
        "node": "*"
      }
    },
    "node_modules/ls-r/node_modules/ctrlflow": {
      "version": "4.1.3",
      "resolved": "https://registry.npmjs.org/ctrlflow/-/ctrlflow-4.1.3.tgz",
      "integrity": "sha512-4Y0F16BvirLeYlAEWaI7W+KxXi3DKsxh6BFAiE5ftPmicEUuM2aOJDsjS9J3odhuMHabYQA3jijmtr3x2beHLQ==",
      "dev": true,
      "dependencies": {
        "curry": "0.0.x",
        "d-utils": "~1.4"
      },
      "engines": {
        "node": "*"
      }
    },
    "node_modules/ls-r/node_modules/ctrlflow/node_modules/d-utils": {
      "version": "1.4.0",
      "resolved": "https://registry.npmjs.org/d-utils/-/d-utils-1.4.0.tgz",
      "integrity": "sha512-JsRxec7gBCsRhz7MbNBDIQ0lMVlFX9JiWWHhjXII3dN58Wg42TqmcV39a5LVr3s3zqlRTJUpKR52QrO7VrxAqg==",
      "dev": true,
      "engines": {
        "node": "*"
      }
    },
    "node_modules/ls-r/node_modules/d-utils": {
      "version": "2.3.3",
      "resolved": "https://registry.npmjs.org/d-utils/-/d-utils-2.3.3.tgz",
      "integrity": "sha512-9pcPkfs2zSAzkWgHQ8SiE/6nGAHk3suLLOCXCgkxjvD9dLSeEGX2N7CDAUsQRu5sJHa8gSnAcZM9jb9leHkniw==",
      "dev": true,
      "engines": {
        "node": "*"
      }
    },
    "node_modules/macgyver": {
      "version": "1.6.3",
      "resolved": "https://registry.npmjs.org/macgyver/-/macgyver-1.6.3.tgz",
      "integrity": "sha512-2PgUS2vDJO4/u8q8JYLLX6aRmVL+DBZuNYdDQGCgSdbvYo/TV2JqG6NjjQ1kGy7PcKzRkW4TmRNE3GSrAljFSA==",
      "dev": true,
      "dependencies": {
        "assertions": "2.3"
      }
    },
    "node_modules/optimist": {
      "version": "0.2.8",
      "resolved": "https://registry.npmjs.org/optimist/-/optimist-0.2.8.tgz",
      "integrity": "sha512-Wy7E3cQDpqsTIFyW7m22hSevyTLxw850ahYv7FWsw4G6MIKVTZ8NSA95KBrQ95a4SMsMr1UGUUnwEFKhVaSzIg==",
      "dev": true,
      "dependencies": {
        "wordwrap": ">=0.0.1 <0.1.0"
      },
      "engines": {
        "node": "*"
      }
    },
    "node_modules/readable-stream": {
      "version": "3.6.2",
      "resolved": "https://registry.npmjs.org/readable-stream/-/readable-stream-3.6.2.tgz",
      "integrity": "sha512-9u/sniCrY3D5WdsERHzHE4G2YCXqoG5FTHUiCC4SIbr6XcLZBY05ya9EKjYek9O5xOAwjGq+1JdGBAS7Q9ScoA==",
      "dependencies": {
        "inherits": "^2.0.3",
        "string_decoder": "^1.1.1",
        "util-deprecate": "^1.0.1"
      },
      "engines": {
        "node": ">= 6"
      }
    },
    "node_modules/render": {
      "version": "0.1.4",
      "resolved": "https://registry.npmjs.org/render/-/render-0.1.4.tgz",
      "integrity": "sha512-mTNCTWXyulJhMFcsCZGwMjE3GjH40eE4r23Or7Sw4XnEBHO8gS5ZBHgxDGjFF1v0pe9GXx+c+8njbpry+11e3A==",
      "dev": true,
      "dependencies": {
        "traverser": "0.0.x"
      }
    },
    "node_modules/safe-buffer": {
      "version": "5.2.1",
      "resolved": "https://registry.npmjs.org/safe-buffer/-/safe-buffer-5.2.1.tgz",
      "integrity": "sha512-rp3So07KcdmmKbGvgaNxQSJr7bGVSVk5S9Eq1F+ppbRo70+YeaDxkw5Dd8NPN+GD6bjnYm2VuPuCXmpuYvmCXQ==",
      "funding": [
        {
          "type": "github",
          "url": "https://github.com/sponsors/feross"
        },
        {
          "type": "patreon",
          "url": "https://www.patreon.com/feross"
        },
        {
          "type": "consulting",
          "url": "https://feross.org/support"
        }
      ]
    },
    "node_modules/should": {
      "version": "13.2.3",
      "resolved": "https://registry.npmjs.org/should/-/should-13.2.3.tgz",
      "integrity": "sha512-ggLesLtu2xp+ZxI+ysJTmNjh2U0TsC+rQ/pfED9bUZZ4DKefP27D+7YJVVTvKsmjLpIi9jAa7itwDGkDDmt1GQ==",
      "dev": true,
      "dependencies": {
        "should-equal": "^2.0.0",
        "should-format": "^3.0.3",
        "should-type": "^1.4.0",
        "should-type-adaptors": "^1.0.1",
        "should-util": "^1.0.0"
      }
    },
    "node_modules/should-equal": {
      "version": "2.0.0",
      "resolved": "https://registry.npmjs.org/should-equal/-/should-equal-2.0.0.tgz",
      "integrity": "sha512-ZP36TMrK9euEuWQYBig9W55WPC7uo37qzAEmbjHz4gfyuXrEUgF8cUvQVO+w+d3OMfPvSRQJ22lSm8MQJ43LTA==",
      "dev": true,
      "dependencies": {
        "should-type": "^1.4.0"
      }
    },
    "node_modules/should-format": {
      "version": "3.0.3",
      "resolved": "https://registry.npmjs.org/should-format/-/should-format-3.0.3.tgz",
      "integrity": "sha512-hZ58adtulAk0gKtua7QxevgUaXTTXxIi8t41L3zo9AHvjXO1/7sdLECuHeIN2SRtYXpNkmhoUP2pdeWgricQ+Q==",
      "dev": true,
      "dependencies": {
        "should-type": "^1.3.0",
        "should-type-adaptors": "^1.0.1"
      }
    },
    "node_modules/should-type": {
      "version": "1.4.0",
      "resolved": "https://registry.npmjs.org/should-type/-/should-type-1.4.0.tgz",
      "integrity": "sha512-MdAsTu3n25yDbIe1NeN69G4n6mUnJGtSJHygX3+oN0ZbO3DTiATnf7XnYJdGT42JCXurTb1JI0qOBR65shvhPQ==",
      "dev": true
    },
    "node_modules/should-type-adaptors": {
      "version": "1.1.0",
      "resolved": "https://registry.npmjs.org/should-type-adaptors/-/should-type-adaptors-1.1.0.tgz",
      "integrity": "sha512-JA4hdoLnN+kebEp2Vs8eBe9g7uy0zbRo+RMcU0EsNy+R+k049Ki+N5tT5Jagst2g7EAja+euFuoXFCa8vIklfA==",
      "dev": true,
      "dependencies": {
        "should-type": "^1.3.0",
        "should-util": "^1.0.0"
      }
    },
    "node_modules/should-util": {
      "version": "1.0.1",
      "resolved": "https://registry.npmjs.org/should-util/-/should-util-1.0.1.tgz",
      "integrity": "sha512-oXF8tfxx5cDk8r2kYqlkUJzZpDBqVY/II2WhvU0n9Y3XYvAYRmeaf1PvvIvTgPnv4KJ+ES5M0PyDq5Jp+Ygy2g==",
      "dev": true
    },
    "node_modules/stream-spec": {
      "version": "0.2.1",
      "resolved": "https://registry.npmjs.org/stream-spec/-/stream-spec-0.2.1.tgz",
      "integrity": "sha512-kKINMjDHEpU6Pu7Y4JSXikSVMVoesxS4MDksx9YDxq4H+n76Fod7Q9YCRQ5h+sqyB8MHm2Ky9Wg2gkLymFbQlA==",
      "dev": true,
      "dependencies": {
        "assertions": "2.3",
        "macgyver": "~1.6.1"
      }
    },
    "node_modules/string_decoder": {
      "version": "1.3.0",
      "resolved": "https://registry.npmjs.org/string_decoder/-/string_decoder-1.3.0.tgz",
      "integrity": "sha512-hkRX8U1WjJFd8LsDJ2yQ/wWWxaopEsABU1XfkM8A+j0+85JAGppt16cr1Whg6KIbb4okU6Mql6BOj+uup/wKeA==",
      "dependencies": {
        "safe-buffer": "~5.2.0"
      }
    },
    "node_modules/style": {
      "version": "0.1.1",
      "resolved": "https://registry.npmjs.org/style/-/style-0.1.1.tgz",
      "integrity": "sha512-n3VWO7ThHmT46jQPsTr6u+I/fjcdOuwAe2XsJLK85xViXOxrt3EAZFrsG+p/A6NpGSWK00K+fJ2kXD7b66ED7w==",
      "dev": true,
      "dependencies": {
        "curry": "0.0.x"
      },
      "engines": {
        "node": ">=0.2.0"
      }
    },
    "node_modules/test-cmd": {
      "version": "1.7.0",
      "resolved": "https://registry.npmjs.org/test-cmd/-/test-cmd-1.7.0.tgz",
      "integrity": "sha512-1GC01LcPtPoxNfvzZxNVKtgmJRq7gahQmES+g/FBQ6OqLforv+YAjrM/Q8aVYrFvjwFZrhAuHdXNIOHjaUqyBQ==",
      "dev": true,
      "dependencies": {
        "ctrlflow": "~4.1",
        "d-utils": "~2.1",
        "ls-r": "0",
        "optimist": "0.2",
        "test-report": "~1.1",
        "test-report-view": "1"
      },
      "bin": {
        "nodetest": "cmd.js"
      },
      "engines": {
        "node": "*"
      }
    },
    "node_modules/test-cmd/node_modules/ctrlflow": {
      "version": "4.1.3",
      "resolved": "https://registry.npmjs.org/ctrlflow/-/ctrlflow-4.1.3.tgz",
      "integrity": "sha512-4Y0F16BvirLeYlAEWaI7W+KxXi3DKsxh6BFAiE5ftPmicEUuM2aOJDsjS9J3odhuMHabYQA3jijmtr3x2beHLQ==",
      "dev": true,
      "dependencies": {
        "curry": "0.0.x",
        "d-utils": "~1.4"
      },
      "engines": {
        "node": "*"
      }
    },
    "node_modules/test-cmd/node_modules/ctrlflow/node_modules/d-utils": {
      "version": "1.4.0",
      "resolved": "https://registry.npmjs.org/d-utils/-/d-utils-1.4.0.tgz",
      "integrity": "sha512-JsRxec7gBCsRhz7MbNBDIQ0lMVlFX9JiWWHhjXII3dN58Wg42TqmcV39a5LVr3s3zqlRTJUpKR52QrO7VrxAqg==",
      "dev": true,
      "engines": {
        "node": "*"
      }
    },
    "node_modules/test-report": {
      "version": "1.1.2",
      "resolved": "https://registry.npmjs.org/test-report/-/test-report-1.1.2.tgz",
      "integrity": "sha512-Pj2YhLdm00Vr2hdS4Qu2NmEnfNBsVRoN2k3m41SY+YWYQCOWkNMRaUn9L1N/h7ngsaT2qbxJofza8YRjCNqR4Q==",
      "dev": true,
      "engines": {
        "node": "*"
      }
    },
    "node_modules/test-report-view": {
      "version": "1.0.0",
      "resolved": "https://registry.npmjs.org/test-report-view/-/test-report-view-1.0.0.tgz",
      "integrity": "sha512-jsumfCLX+CO+iyMOzcsjkEcMUubMFP+uYtN+H2aDMbgqBNWVgtKLPnG9B7zZkIyJ14MM6eKuQq5vwQBWh6hkdQ==",
      "dev": true,
      "engines": {
        "node": "*"
      }
    },
    "node_modules/through": {
      "version": "0.0.4",
      "resolved": "https://registry.npmjs.org/through/-/through-0.0.4.tgz",
      "integrity": "sha512-7CnD8vVnO0XxijtvcOlnkc8d0Wp1LiiPC2S1eO+2jhRw3baMOmA7Tcq3csUywUoQymdsa363K2nMb6sO/SFCOg==",
      "dev": true
    },
    "node_modules/traverser": {
      "version": "0.0.5",
      "resolved": "https://registry.npmjs.org/traverser/-/traverser-0.0.5.tgz",
      "integrity": "sha512-8wq1H/gNr1PwGhmflklBTvZlY3aOgUmurSYD8PueKn1Btq01REtupQ8nY7VpcG4v2YPKBODxYKIdTt36W+Scwg==",
      "dev": true,
      "dependencies": {
        "curry": "0.0.x"
      },
      "engines": {
        "node": "*"
      }
    },
    "node_modules/trees": {
      "version": "0.0.4",
      "resolved": "https://registry.npmjs.org/trees/-/trees-0.0.4.tgz",
      "integrity": "sha512-ZKhYO1csoaCa1WFpDEs61twqqXaV6oHOAXU0ECB8xe5LhL4sRrH9+9DjLxjZvVYSBZSBUk5jF25f0f51o/CP9A==",
      "dev": true,
      "dependencies": {
        "should": ">=0.0.4",
        "style": "0.1.x",
        "traverser": "0.0.x"
      },
      "engines": {
        "node": ">=0.2.0"
      }
    },
    "node_modules/ubelt": {
      "version": "2.9.0",
      "resolved": "https://registry.npmjs.org/ubelt/-/ubelt-2.9.0.tgz",
      "integrity": "sha512-2+8a7wbM/a3v6a4XnXLhWhv6u2agZIGg8PisbAh3kKJ+WZDxDPGUu+VBE2I9gWmIMYDrB/PghDXTjctNQPrLkQ==",
      "dev": true,
      "engines": {
        "node": "*"
      }
    },
    "node_modules/util-deprecate": {
      "version": "1.0.2",
      "resolved": "https://registry.npmjs.org/util-deprecate/-/util-deprecate-1.0.2.tgz",
      "integrity": "sha512-EPD5q1uXyFxJpCrLnCc1nHnq3gOa6DZBocAIiI2TaSCA7VCJ1UJDMagCzIkXNsUYfD1daK//LTEQ8xiIbrHtcw=="
    },
    "node_modules/wordwrap": {
      "version": "0.0.3",
      "resolved": "https://registry.npmjs.org/wordwrap/-/wordwrap-0.0.3.tgz",
      "integrity": "sha512-1tMA907+V4QmxV7dbRvb4/8MaRALK6q9Abid3ndMYnbyo8piisCmeONVqVSXqQA3KaP4SLt5b7ud6E2sqP8TFw==",
      "dev": true,
      "engines": {
        "node": ">=0.4.0"
      }
    }
  },
  "dependencies": {
    "assertions": {
      "version": "2.3.4",
      "resolved": "https://registry.npmjs.org/assertions/-/assertions-2.3.4.tgz",
      "integrity": "sha512-rx8bdIzLVyBA8vaNp+ufUpCGIuFuGe5VocwAgMI7hLvNGz+XD1iZghlw6rN4OCeHZ0yaEwhR/yVLr45Zhgb+aw==",
      "dev": true,
      "requires": {
        "fomatto": "git+https://github.com/BonsaiDen/Fomatto.git#468666f600b46f9067e3da7200fd9df428923ea6",
        "render": "0.1",
        "traverser": "1"
      },
      "dependencies": {
        "traverser": {
          "version": "1.0.0",
          "resolved": "https://registry.npmjs.org/traverser/-/traverser-1.0.0.tgz",
          "integrity": "sha512-SIf4FiM5y4l03O5VKN/VbnswgIK9gHJKmLK/wiWjgdxPsj2VGcS7hOinjKMFv4r8QIUK+5MXsyXzJhc0bmaB0A==",
          "dev": true,
          "requires": {
            "curry": "0.0.x"
          }
        }
      }
    },
    "asynct": {
      "version": "1.1.0",
      "resolved": "https://registry.npmjs.org/asynct/-/asynct-1.1.0.tgz",
      "integrity": "sha512-H+8NJTxHjq3fhRE3bx5UK4yc8gB7/0aB4fDnN63mFDsFTk6IKCE9Po1p6Pjwjr0ez7D0/D/oNLvTFOGn9Qeb0Q==",
      "dev": true,
      "requires": {
        "ctrlflow": "0.0.3",
        "test-cmd": "1"
      }
    },
    "ctrlflow": {
      "version": "0.0.3",
      "resolved": "https://registry.npmjs.org/ctrlflow/-/ctrlflow-0.0.3.tgz",
      "integrity": "sha512-8cvH+uzgNc5XrlDbyy6VT4IYhNR0Ky6NafrWTyPRV9gAPdXY+i7keQS7iAqQQo9WDcx4KOOc6WY8Er5ivn4/FA==",
      "dev": true,
      "requires": {
        "curry": "0.0.x"
      }
    },
    "curry": {
      "version": "0.0.4",
      "resolved": "https://registry.npmjs.org/curry/-/curry-0.0.4.tgz",
      "integrity": "sha512-IPapCjuLQfb9u7HEU+l7XX10CmK5ojdvjt+0sNrZmSvSU31OZxPV78cmDj1Zm+ZX/tEh7jeYdaD4v89iJDOD0g==",
      "dev": true
    },
    "d-utils": {
      "version": "2.1.1",
      "resolved": "https://registry.npmjs.org/d-utils/-/d-utils-2.1.1.tgz",
      "integrity": "sha512-Xhxi3PRkXB2IvnXFD/OEaSQJA/AIK76WDjQnEoUYo+mNXe8WXYTTR+ZeSSHilviokw0o8rQRzcZG4WWx63PWwQ==",
      "dev": true
    },
    "event-stream": {
      "version": "2.1.9",
      "resolved": "https://registry.npmjs.org/event-stream/-/event-stream-2.1.9.tgz",
      "integrity": "sha512-IxHB2mytdC40kPmAEjeQAC1m5QGKkVLoeDLKWYiVd2SnMIxzCHJwcGsdSzmvtU5zX5qDSAJUC2aaL39FGxpPdQ==",
      "dev": true,
      "requires": {
        "from": "~0",
        "optimist": "0.2",
        "through": "0.0.4"
      }
    },
    "fomatto": {
      "version": "git+ssh://git@github.com/BonsaiDen/Fomatto.git#468666f600b46f9067e3da7200fd9df428923ea6",
      "integrity": "sha512-2JeZCbUi12tmDJhd9F3mxZ6xL0+2Ym2MamXZHnHh5OVKKA1h/6svVAAzJ2tt5ycFAQ4EwseW3FoAFNUle/opbQ==",
      "dev": true,
      "from": "fomatto@git+https://github.com/BonsaiDen/Fomatto.git#468666f600b46f9067e3da7200fd9df428923ea6"
    },
    "from": {
      "version": "0.0.2",
      "resolved": "https://registry.npmjs.org/from/-/from-0.0.2.tgz",
      "integrity": "sha512-QQzrIRCUBX2GjGZa+eHIZtb6BknDnxzAW7vpmvUFfalIUbodQSIgHNY9whjnbjgyL5UnXfV04cFkrA1tpGRMDA==",
      "dev": true
    },
    "inherits": {
      "version": "2.0.4",
      "resolved": "https://registry.npmjs.org/inherits/-/inherits-2.0.4.tgz",
      "integrity": "sha512-k/vGaX4/Yla3WzyMCvTQOXYeIHvqOKtnqBduzTHpzpQZzAskKMhZ2K+EnBiSM9zGSoIFeMpXKxa4dYeZIQqewQ=="
    },
    "it-is": {
      "version": "1.0.3",
      "resolved": "https://registry.npmjs.org/it-is/-/it-is-1.0.3.tgz",
      "integrity": "sha512-fZ/TSIJAakHJg2rJ5LvwJX3e4F5XzaOy1f06RR2wCBzujX8Ffj9R65cVKm6ztY/4J2G4g443JZJkkMLPAcJqCw==",
      "dev": true,
      "requires": {
        "assertions": "~2.3.1",
        "render": "~0.1.4",
        "style": "0.1.x",
        "traverser": "0.0.x",
        "trees": "0.0.x"
      }
    },
    "ls-r": {
      "version": "0.2.1",
      "resolved": "https://registry.npmjs.org/ls-r/-/ls-r-0.2.1.tgz",
      "integrity": "sha512-DugAX3N8lUVO6NX4rJyeOG/A1u+WJ5i8nP8feNb36vytx2xgsYKsmoMgh2///35RDmo0Er2sL496sWsNOrx8og==",
      "dev": true,
      "requires": {
        "ctrlflow": "~4.1",
        "d-utils": "~2.3",
        "optimist": "0.2"
      },
      "dependencies": {
        "ctrlflow": {
          "version": "4.1.3",
          "resolved": "https://registry.npmjs.org/ctrlflow/-/ctrlflow-4.1.3.tgz",
          "integrity": "sha512-4Y0F16BvirLeYlAEWaI7W+KxXi3DKsxh6BFAiE5ftPmicEUuM2aOJDsjS9J3odhuMHabYQA3jijmtr3x2beHLQ==",
          "dev": true,
          "requires": {
            "curry": "0.0.x",
            "d-utils": "~1.4"
          },
          "dependencies": {
            "d-utils": {
              "version": "1.4.0",
              "resolved": "https://registry.npmjs.org/d-utils/-/d-utils-1.4.0.tgz",
              "integrity": "sha512-JsRxec7gBCsRhz7MbNBDIQ0lMVlFX9JiWWHhjXII3dN58Wg42TqmcV39a5LVr3s3zqlRTJUpKR52QrO7VrxAqg==",
              "dev": true
            }
          }
        },
        "d-utils": {
          "version": "2.3.3",
          "resolved": "https://registry.npmjs.org/d-utils/-/d-utils-2.3.3.tgz",
          "integrity": "sha512-9pcPkfs2zSAzkWgHQ8SiE/6nGAHk3suLLOCXCgkxjvD9dLSeEGX2N7CDAUsQRu5sJHa8gSnAcZM9jb9leHkniw==",
          "dev": true
        }
      }
    },
    "macgyver": {
      "version": "1.6.3",
      "resolved": "https://registry.npmjs.org/macgyver/-/macgyver-1.6.3.tgz",
      "integrity": "sha512-2PgUS2vDJO4/u8q8JYLLX6aRmVL+DBZuNYdDQGCgSdbvYo/TV2JqG6NjjQ1kGy7PcKzRkW4TmRNE3GSrAljFSA==",
      "dev": true,
      "requires": {
        "assertions": "2.3"
      }
    },
    "optimist": {
      "version": "0.2.8",
      "resolved": "https://registry.npmjs.org/optimist/-/optimist-0.2.8.tgz",
      "integrity": "sha512-Wy7E3cQDpqsTIFyW7m22hSevyTLxw850ahYv7FWsw4G6MIKVTZ8NSA95KBrQ95a4SMsMr1UGUUnwEFKhVaSzIg==",
      "dev": true,
      "requires": {
        "wordwrap": ">=0.0.1 <0.1.0"
      }
    },
    "readable-stream": {
      "version": "3.6.2",
      "resolved": "https://registry.npmjs.org/readable-stream/-/readable-stream-3.6.2.tgz",
      "integrity": "sha512-9u/sniCrY3D5WdsERHzHE4G2YCXqoG5FTHUiCC4SIbr6XcLZBY05ya9EKjYek9O5xOAwjGq+1JdGBAS7Q9ScoA==",
      "requires": {
        "inherits": "^2.0.3",
        "string_decoder": "^1.1.1",
        "util-deprecate": "^1.0.1"
      }
    },
    "render": {
      "version": "0.1.4",
      "resolved": "https://registry.npmjs.org/render/-/render-0.1.4.tgz",
      "integrity": "sha512-mTNCTWXyulJhMFcsCZGwMjE3GjH40eE4r23Or7Sw4XnEBHO8gS5ZBHgxDGjFF1v0pe9GXx+c+8njbpry+11e3A==",
      "dev": true,
      "requires": {
        "traverser": "0.0.x"
      }
    },
    "safe-buffer": {
      "version": "5.2.1",
      "resolved": "https://registry.npmjs.org/safe-buffer/-/safe-buffer-5.2.1.tgz",
      "integrity": "sha512-rp3So07KcdmmKbGvgaNxQSJr7bGVSVk5S9Eq1F+ppbRo70+YeaDxkw5Dd8NPN+GD6bjnYm2VuPuCXmpuYvmCXQ=="
    },
    "should": {
      "version": "13.2.3",
      "resolved": "https://registry.npmjs.org/should/-/should-13.2.3.tgz",
      "integrity": "sha512-ggLesLtu2xp+ZxI+ysJTmNjh2U0TsC+rQ/pfED9bUZZ4DKefP27D+7YJVVTvKsmjLpIi9jAa7itwDGkDDmt1GQ==",
      "dev": true,
      "requires": {
        "should-equal": "^2.0.0",
        "should-format": "^3.0.3",
        "should-type": "^1.4.0",
        "should-type-adaptors": "^1.0.1",
        "should-util": "^1.0.0"
      }
    },
    "should-equal": {
      "version": "2.0.0",
      "resolved": "https://registry.npmjs.org/should-equal/-/should-equal-2.0.0.tgz",
      "integrity": "sha512-ZP36TMrK9euEuWQYBig9W55WPC7uo37qzAEmbjHz4gfyuXrEUgF8cUvQVO+w+d3OMfPvSRQJ22lSm8MQJ43LTA==",
      "dev": true,
      "requires": {
        "should-type": "^1.4.0"
      }
    },
    "should-format": {
      "version": "3.0.3",
      "resolved": "https://registry.npmjs.org/should-format/-/should-format-3.0.3.tgz",
      "integrity": "sha512-hZ58adtulAk0gKtua7QxevgUaXTTXxIi8t41L3zo9AHvjXO1/7sdLECuHeIN2SRtYXpNkmhoUP2pdeWgricQ+Q==",
      "dev": true,
      "requires": {
        "should-type": "^1.3.0",
        "should-type-adaptors": "^1.0.1"
      }
    },
    "should-type": {
      "version": "1.4.0",
      "resolved": "https://registry.npmjs.org/should-type/-/should-type-1.4.0.tgz",
      "integrity": "sha512-MdAsTu3n25yDbIe1NeN69G4n6mUnJGtSJHygX3+oN0ZbO3DTiATnf7XnYJdGT42JCXurTb1JI0qOBR65shvhPQ==",
      "dev": true
    },
    "should-type-adaptors": {
      "version": "1.1.0",
      "resolved": "https://registry.npmjs.org/should-type-adaptors/-/should-type-adaptors-1.1.0.tgz",
      "integrity": "sha512-JA4hdoLnN+kebEp2Vs8eBe9g7uy0zbRo+RMcU0EsNy+R+k049Ki+N5tT5Jagst2g7EAja+euFuoXFCa8vIklfA==",
      "dev": true,
      "requires": {
        "should-type": "^1.3.0",
        "should-util": "^1.0.0"
      }
    },
    "should-util": {
      "version": "1.0.1",
      "resolved": "https://registry.npmjs.org/should-util/-/should-util-1.0.1.tgz",
      "integrity": "sha512-oXF8tfxx5cDk8r2kYqlkUJzZpDBqVY/II2WhvU0n9Y3XYvAYRmeaf1PvvIvTgPnv4KJ+ES5M0PyDq5Jp+Ygy2g==",
      "dev": true
    },
    "stream-spec": {
      "version": "0.2.1",
      "resolved": "https://registry.npmjs.org/stream-spec/-/stream-spec-0.2.1.tgz",
      "integrity": "sha512-kKINMjDHEpU6Pu7Y4JSXikSVMVoesxS4MDksx9YDxq4H+n76Fod7Q9YCRQ5h+sqyB8MHm2Ky9Wg2gkLymFbQlA==",
      "dev": true,
      "requires": {
        "assertions": "2.3",
        "macgyver": "~1.6.1"
      }
    },
    "string_decoder": {
      "version": "1.3.0",
      "resolved": "https://registry.npmjs.org/string_decoder/-/string_decoder-1.3.0.tgz",
      "integrity": "sha512-hkRX8U1WjJFd8LsDJ2yQ/wWWxaopEsABU1XfkM8A+j0+85JAGppt16cr1Whg6KIbb4okU6Mql6BOj+uup/wKeA==",
      "requires": {
        "safe-buffer": "~5.2.0"
      }
    },
    "style": {
      "version": "0.1.1",
      "resolved": "https://registry.npmjs.org/style/-/style-0.1.1.tgz",
      "integrity": "sha512-n3VWO7ThHmT46jQPsTr6u+I/fjcdOuwAe2XsJLK85xViXOxrt3EAZFrsG+p/A6NpGSWK00K+fJ2kXD7b66ED7w==",
      "dev": true,
      "requires": {
        "curry": "0.0.x"
      }
    },
    "test-cmd": {
      "version": "1.7.0",
      "resolved": "https://registry.npmjs.org/test-cmd/-/test-cmd-1.7.0.tgz",
      "integrity": "sha512-1GC01LcPtPoxNfvzZxNVKtgmJRq7gahQmES+g/FBQ6OqLforv+YAjrM/Q8aVYrFvjwFZrhAuHdXNIOHjaUqyBQ==",
      "dev": true,
      "requires": {
        "ctrlflow": "~4.1",
        "d-utils": "~2.1",
        "ls-r": "0",
        "optimist": "0.2",
        "test-report": "~1.1",
        "test-report-view": "1"
      },
      "dependencies": {
        "ctrlflow": {
          "version": "4.1.3",
          "resolved": "https://registry.npmjs.org/ctrlflow/-/ctrlflow-4.1.3.tgz",
          "integrity": "sha512-4Y0F16BvirLeYlAEWaI7W+KxXi3DKsxh6BFAiE5ftPmicEUuM2aOJDsjS9J3odhuMHabYQA3jijmtr3x2beHLQ==",
          "dev": true,
          "requires": {
            "curry": "0.0.x",
            "d-utils": "~1.4"
          },
          "dependencies": {
            "d-utils": {
              "version": "1.4.0",
              "resolved": "https://registry.npmjs.org/d-utils/-/d-utils-1.4.0.tgz",
              "integrity": "sha512-JsRxec7gBCsRhz7MbNBDIQ0lMVlFX9JiWWHhjXII3dN58Wg42TqmcV39a5LVr3s3zqlRTJUpKR52QrO7VrxAqg==",
              "dev": true
            }
          }
        }
      }
    },
    "test-report": {
      "version": "1.1.2",
      "resolved": "https://registry.npmjs.org/test-report/-/test-report-1.1.2.tgz",
      "integrity": "sha512-Pj2YhLdm00Vr2hdS4Qu2NmEnfNBsVRoN2k3m41SY+YWYQCOWkNMRaUn9L1N/h7ngsaT2qbxJofza8YRjCNqR4Q==",
      "dev": true
    },
    "test-report-view": {
      "version": "1.0.0",
      "resolved": "https://registry.npmjs.org/test-report-view/-/test-report-view-1.0.0.tgz",
      "integrity": "sha512-jsumfCLX+CO+iyMOzcsjkEcMUubMFP+uYtN+H2aDMbgqBNWVgtKLPnG9B7zZkIyJ14MM6eKuQq5vwQBWh6hkdQ==",
      "dev": true
    },
    "through": {
      "version": "0.0.4",
      "resolved": "https://registry.npmjs.org/through/-/through-0.0.4.tgz",
      "integrity": "sha512-7CnD8vVnO0XxijtvcOlnkc8d0Wp1LiiPC2S1eO+2jhRw3baMOmA7Tcq3csUywUoQymdsa363K2nMb6sO/SFCOg==",
      "dev": true
    },
    "traverser": {
      "version": "0.0.5",
      "resolved": "https://registry.npmjs.org/traverser/-/traverser-0.0.5.tgz",
      "integrity": "sha512-8wq1H/gNr1PwGhmflklBTvZlY3aOgUmurSYD8PueKn1Btq01REtupQ8nY7VpcG4v2YPKBODxYKIdTt36W+Scwg==",
      "dev": true,
      "requires": {
        "curry": "0.0.x"
      }
    },
    "trees": {
      "version": "0.0.4",
      "resolved": "https://registry.npmjs.org/trees/-/trees-0.0.4.tgz",
      "integrity": "sha512-ZKhYO1csoaCa1WFpDEs61twqqXaV6oHOAXU0ECB8xe5LhL4sRrH9+9DjLxjZvVYSBZSBUk5jF25f0f51o/CP9A==",
      "dev": true,
      "requires": {
        "should": ">=0.0.4",
        "style": "0.1.x",
        "traverser": "0.0.x"
      }
    },
    "ubelt": {
      "version": "2.9.0",
      "resolved": "https://registry.npmjs.org/ubelt/-/ubelt-2.9.0.tgz",
      "integrity": "sha512-2+8a7wbM/a3v6a4XnXLhWhv6u2agZIGg8PisbAh3kKJ+WZDxDPGUu+VBE2I9gWmIMYDrB/PghDXTjctNQPrLkQ==",
      "dev": true
    },
    "util-deprecate": {
      "version": "1.0.2",
      "resolved": "https://registry.npmjs.org/util-deprecate/-/util-deprecate-1.0.2.tgz",
      "integrity": "sha512-EPD5q1uXyFxJpCrLnCc1nHnq3gOa6DZBocAIiI2TaSCA7VCJ1UJDMagCzIkXNsUYfD1daK//LTEQ8xiIbrHtcw=="
    },
    "wordwrap": {
      "version": "0.0.3",
      "resolved": "https://registry.npmjs.org/wordwrap/-/wordwrap-0.0.3.tgz",
      "integrity": "sha512-1tMA907+V4QmxV7dbRvb4/8MaRALK6q9Abid3ndMYnbyo8piisCmeONVqVSXqQA3KaP4SLt5b7ud6E2sqP8TFw==",
      "dev": true
    }
  }
}
